
Microsoft Visual Studio Solution File, Format Version 12.00
# Visual Studio Version 16
VisualStudioVersion = 16.0.29926.136
MinimumVisualStudioVersion = 10.0.40219.1
Project("{9A19103F-16F7-4668-BE54-9A1E7A4F7556}") = "AdaptiveRoads", "AdaptiveRoads\AdaptiveRoads.csproj", "{4E0BB9B3-EFB1-4D63-99D8-A3B82D33E4FE}"
EndProject
Project("{9A19103F-16F7-4668-BE54-9A1E7A4F7556}") = "Prefab Metadata", "prefab-metadata\Prefab Metadata.csproj", "{BE4949C4-F02D-4B7B-B6FC-7B81BACD644E}"
EndProject
Project("{9A19103F-16F7-4668-BE54-9A1E7A4F7556}") = "Prefab Metadata API", "PrefabMetaDataAPI\Prefab Metadata API.csproj", "{17436E80-D35A-4C6C-A990-6AEB921A18B9}"
EndProject
Project("{FAE04EC0-301F-11D3-BF4B-00C04F79EFBC}") = "experiments", "experiments\experiments.csproj", "{CA8CEB08-A8BA-4BFA-92A2-1707C362C579}"
EndProject
Project("{2150E333-8FDC-42A3-9474-1A3956D46DE8}") = "Solution Items", "Solution Items", "{5D1FE33C-0E71-42F5-B57C-583018CC8BE4}"
	ProjectSection(SolutionItems) = preProject
		.editorconfig = .editorconfig
	EndProjectSection
EndProject
Global
	GlobalSection(SolutionConfigurationPlatforms) = preSolution
		Debug|Any CPU = Debug|Any CPU
		FAST_TEST_PATCHES|Any CPU = FAST_TEST_PATCHES|Any CPU
		Release|Any CPU = Release|Any CPU
	EndGlobalSection
	GlobalSection(ProjectConfigurationPlatforms) = postSolution
		{4E0BB9B3-EFB1-4D63-99D8-A3B82D33E4FE}.Debug|Any CPU.ActiveCfg = Debug|Any CPU
		{4E0BB9B3-EFB1-4D63-99D8-A3B82D33E4FE}.Debug|Any CPU.Build.0 = Debug|Any CPU
		{4E0BB9B3-EFB1-4D63-99D8-A3B82D33E4FE}.FAST_TEST_PATCHES|Any CPU.ActiveCfg = FAST_TEST_PATCHES|Any CPU
		{4E0BB9B3-EFB1-4D63-99D8-A3B82D33E4FE}.FAST_TEST_PATCHES|Any CPU.Build.0 = FAST_TEST_PATCHES|Any CPU
		{4E0BB9B3-EFB1-4D63-99D8-A3B82D33E4FE}.Release|Any CPU.ActiveCfg = Release|Any CPU
		{4E0BB9B3-EFB1-4D63-99D8-A3B82D33E4FE}.Release|Any CPU.Build.0 = Release|Any CPU
		{BE4949C4-F02D-4B7B-B6FC-7B81BACD644E}.Debug|Any CPU.ActiveCfg = Debug|Any CPU
		{BE4949C4-F02D-4B7B-B6FC-7B81BACD644E}.Debug|Any CPU.Build.0 = Debug|Any CPU
		{BE4949C4-F02D-4B7B-B6FC-7B81BACD644E}.FAST_TEST_PATCHES|Any CPU.ActiveCfg = Debug|Any CPU
		{BE4949C4-F02D-4B7B-B6FC-7B81BACD644E}.FAST_TEST_PATCHES|Any CPU.Build.0 = Debug|Any CPU
		{BE4949C4-F02D-4B7B-B6FC-7B81BACD644E}.Release|Any CPU.ActiveCfg = Release|Any CPU
		{BE4949C4-F02D-4B7B-B6FC-7B81BACD644E}.Release|Any CPU.Build.0 = Release|Any CPU
		{17436E80-D35A-4C6C-A990-6AEB921A18B9}.Debug|Any CPU.ActiveCfg = Debug|Any CPU
		{17436E80-D35A-4C6C-A990-6AEB921A18B9}.Debug|Any CPU.Build.0 = Debug|Any CPU
		{17436E80-D35A-4C6C-A990-6AEB921A18B9}.FAST_TEST_PATCHES|Any CPU.ActiveCfg = Debug|Any CPU
		{17436E80-D35A-4C6C-A990-6AEB921A18B9}.FAST_TEST_PATCHES|Any CPU.Build.0 = Debug|Any CPU
		{17436E80-D35A-4C6C-A990-6AEB921A18B9}.Release|Any CPU.ActiveCfg = Release|Any CPU
		{17436E80-D35A-4C6C-A990-6AEB921A18B9}.Release|Any CPU.Build.0 = Release|Any CPU
		{CA8CEB08-A8BA-4BFA-92A2-1707C362C579}.Debug|Any CPU.ActiveCfg = Debug|Any CPU
		{CA8CEB08-A8BA-4BFA-92A2-1707C362C579}.Debug|Any CPU.Build.0 = Debug|Any CPU
		{CA8CEB08-A8BA-4BFA-92A2-1707C362C579}.FAST_TEST_PATCHES|Any CPU.ActiveCfg = Debug|Any CPU
		{CA8CEB08-A8BA-4BFA-92A2-1707C362C579}.FAST_TEST_PATCHES|Any CPU.Build.0 = Debug|Any CPU
		{CA8CEB08-A8BA-4BFA-92A2-1707C362C579}.Release|Any CPU.ActiveCfg = Release|Any CPU
		{CA8CEB08-A8BA-4BFA-92A2-1707C362C579}.Release|Any CPU.Build.0 = Release|Any CPU
	EndGlobalSection
	GlobalSection(SolutionProperties) = preSolution
		HideSolutionNode = FALSE
	EndGlobalSection
	GlobalSection(ExtensibilityGlobals) = postSolution
		SolutionGuid = {3E70877A-D9DF-4D17-837F-E4C4A7B2B269}
	EndGlobalSection
EndGlobal
